lockfileVersion: 5.4

specifiers:
  '@swc/core': ^1.2.174
  '@types/node': ^17.0.30
  dotenv: ^16.0.0
  ts-node: ^10.7.0
  twitter-api-v2: ^1.12.0
  typescript: ^4.6.4

dependencies:
  dotenv: 16.0.0
  twitter-api-v2: 1.12.0

devDependencies:
  '@swc/core': 1.2.179
  '@types/node': 17.0.31
  ts-node: 10.7.0_cc4rhrw6lm25fa3slfo7nf36rq
  typescript: 4.6.4

packages:

  /@cspotcode/source-map-consumer/0.8.0:
    resolution: {integrity: sha512-41qniHzTU8yAGbCp04ohlmSrZf8bkf/iJsl3V0dRGsQN/5GFfx+LbCSsCpp2gqrqjTVg/K6O8ycoV35JIwAzAg==}
    engines: {node: '>= 12'}
    dev: true

  /@cspotcode/source-map-support/0.7.0:
    resolution: {integrity: sha512-X4xqRHqN8ACt2aHVe51OxeA2HjbcL4MqFqXkrmQszJ1NOUuUu5u6Vqx/0lZSVNku7velL5FC/s5uEAj1lsBMhA==}
    engines: {node: '>=12'}
    dependencies:
      '@cspotcode/source-map-consumer': 0.8.0
    dev: true

  /@swc/core-android-arm-eabi/1.2.179:
    resolution: {integrity: sha512-86a0zDxgT+9xwakvAo14YmPF2H34i3nG/Vfq4WLXV5JRNQgylMIFMVWPMmCp4pRFeFnM+XunkepADoc9cxd7cg==}
    engines: {node: '>=10'}
    cpu: [arm]
    os: [android]
    requiresBuild: true
    dev: true
    optional: true

  /@swc/core-android-arm64/1.2.179:
    resolution: {integrity: sha512-Se+b84pXxQ9t+w5gAs+U8htxc/ry7xfGGpalo7+KSzH96rsQPcuBL2MIeOxrL/E68eVsUk5RF457FoAkCobI2A==}
    engines: {node: '>=10'}
    cpu: [arm64]
    os: [android]
    requiresBuild: true
    dev: true
    optional: true

  /@swc/core-darwin-arm64/1.2.179:
    resolution: {integrity: sha512-Jj0ZoIXpgt+/9a6GD/L68uuoMG4Lnq4wAp/n9gQQPw5CwiLuhZELPBqsrjfKVz/I/Iz24IbAJcEEZ3iaODaxdA==}
    engines: {node: '>=10'}
    cpu: [arm64]
    os: [darwin]
    requiresBuild: true
    dev: true
    optional: true

  /@swc/core-darwin-x64/1.2.179:
    resolution: {integrity: sha512-GBF4BPFn170l1oZDBsNaZpiyPdyIXQmDOXtg8LGVFHvFire4n2jgjw/i6Fh4sefi1B+lc1LP6KmfOuMhLaBukg==}
    engines: {node: '>=10'}
    cpu: [x64]
    os: [darwin]
    requiresBuild: true
    dev: true
    optional: true

  /@swc/core-freebsd-x64/1.2.179:
    resolution: {integrity: sha512-2ooBzQ4iEyuXZLz6iTyu5YW4rKIOSxZbP6UbrFT8aX/FLypBktkeKyad+4WpXQNC5vRxks1VUKS9eNh2BvbWwA==}
    engines: {node: '>=10'}
    cpu: [x64]
    os: [freebsd]
    requiresBuild: true
    dev: true
    optional: true

  /@swc/core-linux-arm-gnueabihf/1.2.179:
    resolution: {integrity: sha512-Pf0r7eUYViCWnlTOx8LjceA3r+XGa0GXXEUfwLjQ8wZQUEhNN02hsCz6F2d9Q3WYkzNJVYXu87I6BUY+L9GWAQ==}
    engines: {node: '>=10'}
    cpu: [arm]
    os: [linux]
    requiresBuild: true
    dev: true
    optional: true

  /@swc/core-linux-arm64-gnu/1.2.179:
    resolution: {integrity: sha512-Dqx48DJvxI0r7yFCZkopOo8/AVNlep/05BYxXv7UzZSiJpiYS8pAGwuboeOJwF83aaW7hT4vx+HLUDvUTTfSWQ==}
    engines: {node: '>=10'}
    cpu: [arm64]
    os: [linux]
    requiresBuild: true
    dev: true
    optional: true

  /@swc/core-linux-arm64-musl/1.2.179:
    resolution: {integrity: sha512-wHYvSsP/qTQwVJKBBK1duUvbySHYL7BL8ge+IcAEjTy62K38z0mPg9j2nSqeSldBi7y1foudbKqUA9qwoAC9oQ==}
    engines: {node: '>=10'}
    cpu: [arm64]
    os: [linux]
    requiresBuild: true
    dev: true
    optional: true

  /@swc/core-linux-x64-gnu/1.2.179:
    resolution: {integrity: sha512-orVaK4BIa4qIW298uxvsKaeQLHqjZpxbaCATOnFibUBx2nX+P/MTHZm3WB1qgdmeKto8SEyFGkV8PAMcbFu5Rg==}
    engines: {node: '>=10'}
    cpu: [x64]
    os: [linux]
    requiresBuild: true
    dev: true
    optional: true

  /@swc/core-linux-x64-musl/1.2.179:
    resolution: {integrity: sha512-UG2zrpg5C0iq0BwSJpoxMgraM2jt9CItCRVaiZki7kg0wuIIdjwjXTOuf7XJ939WefLVrB0fu9uVKLfZAzuuxA==}
    engines: {node: '>=10'}
    cpu: [x64]
    os: [linux]
    requiresBuild: true
    dev: true
    optional: true

  /@swc/core-win32-arm64-msvc/1.2.179:
    resolution: {integrity: sha512-am0P4A/7gDrU/HlGthf2Ozxfm8/zduOdigMD/ynTgEv11+gwWVnmr+sVR1l83BnXp3H765/LoC2eu8UiAbjGHA==}
    engines: {node: '>=10'}
    cpu: [arm64]
    os: [win32]
    requiresBuild: true
    dev: true
    optional: true

  /@swc/core-win32-ia32-msvc/1.2.179:
    resolution: {integrity: sha512-Do7Y+nMhF3+0rFl6pmtQJ6DqCbliAHpSIKx/eC3NzspS4qPSddWwcLgajWl22ueouAj/79rx+FYUSRCNOHpjTg==}
    engines: {node: '>=10'}
    cpu: [ia32]
    os: [win32]
    requiresBuild: true
    dev: true
    optional: true

  /@swc/core-win32-x64-msvc/1.2.179:
    resolution: {integrity: sha512-xA/pd6ri0eJ1bqQRT8h0xVa1wclFvLddp5mUhTEfxhtajrPkdriEUCoFOo4ySJhz86cjpTIoa81iq3XLpGQsMQ==}
    engines: {node: '>=10'}
    cpu: [x64]
    os: [win32]
    requiresBuild: true
    dev: true
    optional: true

  /@swc/core/1.2.179:
    resolution: {integrity: sha512-B1O4acip37cNfMxKYG9Ptrrmcc3mcklFnSuRT9UtHr92Nq26o7omuturK0HCoKqLVReU05psfhDzx+K6H1tbNQ==}
    engines: {node: '>=10'}
    hasBin: true
    optionalDependencies:
      '@swc/core-android-arm-eabi': 1.2.179
      '@swc/core-android-arm64': 1.2.179
      '@swc/core-darwin-arm64': 1.2.179
      '@swc/core-darwin-x64': 1.2.179
      '@swc/core-freebsd-x64': 1.2.179
      '@swc/core-linux-arm-gnueabihf': 1.2.179
      '@swc/core-linux-arm64-gnu': 1.2.179
      '@swc/core-linux-arm64-musl': 1.2.179
      '@swc/core-linux-x64-gnu': 1.2.179
      '@swc/core-linux-x64-musl': 1.2.179
      '@swc/core-win32-arm64-msvc': 1.2.179
      '@swc/core-win32-ia32-msvc': 1.2.179
      '@swc/core-win32-x64-msvc': 1.2.179
    dev: true

  /@tsconfig/node10/1.0.8:
    resolution: {integrity: sha512-6XFfSQmMgq0CFLY1MslA/CPUfhIL919M1rMsa5lP2P097N2Wd1sSX0tx1u4olM16fLNhtHZpRhedZJphNJqmZg==}
    dev: true

  /@tsconfig/node12/1.0.9:
    resolution: {integrity: sha512-/yBMcem+fbvhSREH+s14YJi18sp7J9jpuhYByADT2rypfajMZZN4WQ6zBGgBKp53NKmqI36wFYDb3yaMPurITw==}
    dev: true

  /@tsconfig/node14/1.0.1:
    resolution: {integrity: sha512-509r2+yARFfHHE7T6Puu2jjkoycftovhXRqW328PDXTVGKihlb1P8Z9mMZH04ebyajfRY7dedfGynlrFHJUQCg==}
    dev: true

  /@tsconfig/node16/1.0.2:
    resolution: {integrity: sha512-eZxlbI8GZscaGS7kkc/trHTT5xgrjH3/1n2JDwusC9iahPKWMRvRjJSAN5mCXviuTGQ/lHnhvv8Q1YTpnfz9gA==}
    dev: true

  /@types/node/17.0.31:
    resolution: {integrity: sha512-AR0x5HbXGqkEx9CadRH3EBYx/VkiUgZIhP4wvPn/+5KIsgpNoyFaRlVe0Zlx9gRtg8fA06a9tskE2MSN7TcG4Q==}
    dev: true

  /acorn-walk/8.2.0:
    resolution: {integrity: sha512-k+iyHEuPgSw6SbuDpGQM+06HQUa04DZ3o+F6CSzXMvvI5KMvnaEqXe+YVe555R9nn6GPt404fos4wcgpw12SDA==}
    engines: {node: '>=0.4.0'}
    dev: true

  /acorn/8.7.1:
    resolution: {integrity: sha512-Xx54uLJQZ19lKygFXOWsscKUbsBZW0CPykPhVQdhIeIwrbPmJzqeASDInc8nKBnp/JT6igTs82qPXz069H8I/A==}
    engines: {node: '>=0.4.0'}
    hasBin: true
    dev: true

  /arg/4.1.3:
    resolution: {integrity: sha512-58S9QDqG0Xx27YwPSt9fJxivjYl432YCwfDMfZ+71RAqUrZef7LrKQZ3LHLOwCS4FLNBplP533Zx895SeOCHvA==}
    dev: true

  /create-require/1.1.1:
    resolution: {integrity: sha512-dcKFX3jn0MpIaXjisoRvexIJVEKzaq7z2rZKxf+MSr9TkdmHmsU4m2lcLojrj/FHl8mk5VxMmYA+ftRkP/3oKQ==}
    dev: true

  /diff/4.0.2:
    resolution: {integrity: sha512-58lmxKSA4BNyLz+HHMUzlOEpg09FV+ev6ZMe3vJihgdxzgcwZ8VoEEPmALCZG9LmqfVoNMMKpttIYTVG6uDY7A==}
    engines: {node: '>=0.3.1'}
    dev: true

  /dotenv/16.0.0:
    resolution: {integrity: sha512-qD9WU0MPM4SWLPJy/r2Be+2WgQj8plChsyrCNQzW/0WjvcJQiKQJ9mH3ZgB3fxbUUxgc/11ZJ0Fi5KiimWGz2Q==}
    engines: {node: '>=12'}
    dev: false

  /make-error/1.3.6:
    resolution: {integrity: sha512-s8UhlNe7vPKomQhC1qFelMokr/Sc3AgNbso3n74mVPA5LTZwkB9NlXf4XPamLxJE8h0gh73rM94xvwRT2CVInw==}
    dev: true

  /ts-node/10.7.0_cc4rhrw6lm25fa3slfo7nf36rq:
    resolution: {integrity: sha512-TbIGS4xgJoX2i3do417KSaep1uRAW/Lu+WAL2doDHC0D6ummjirVOXU5/7aiZotbQ5p1Zp9tP7U6cYhA0O7M8A==}
    hasBin: true
    peerDependencies:
      '@swc/core': '>=1.2.50'
      '@swc/wasm': '>=1.2.50'
      '@types/node': '*'
      typescript: '>=2.7'
    peerDependenciesMeta:
      '@swc/core':
        optional: true
      '@swc/wasm':
        optional: true
    dependencies:
      '@cspotcode/source-map-support': 0.7.0
      '@swc/core': 1.2.179
      '@tsconfig/node10': 1.0.8
      '@tsconfig/node12': 1.0.9
      '@tsconfig/node14': 1.0.1
      '@tsconfig/node16': 1.0.2
      '@types/node': 17.0.31
      acorn: 8.7.1
      acorn-walk: 8.2.0
      arg: 4.1.3
      create-require: 1.1.1
      diff: 4.0.2
      make-error: 1.3.6
      typescript: 4.6.4
      v8-compile-cache-lib: 3.0.1
      yn: 3.1.1
    dev: true

  /twitter-api-v2/1.12.0:
    resolution: {integrity: sha512-8Fv+sUYY0P1gloiBSgG1w/NSuGUIP32lDKMPVzIMX3jd4zDhiJFtCft41fKs+JqcD8m7s+4vkMO/XwyY2+NULQ==}
    dev: false

  /typescript/4.6.4:
    resolution: {integrity: sha512-9ia/jWHIEbo49HfjrLGfKbZSuWo9iTMwXO+Ca3pRsSpbsMbc7/IU8NKdCZVRRBafVPGnoJeFL76ZOAA84I9fEg==}
    engines: {node: '>=4.2.0'}
    hasBin: true
    dev: true

  /v8-compile-cache-lib/3.0.1:
    resolution: {integrity: sha512-wa7YjyUGfNZngI/vtK0UHAN+lgDCxBPCylVXGp0zu59Fz5aiGtNXaq3DhIov063MorB+VfufLh3JlF2KdTK3xg==}
    dev: true

  /yn/3.1.1:
    resolution: {integrity: sha512-Ux4ygGWsu2c7isFWe8Yu1YluJmqVhxqK2cLXNQA5AcC3QfbGNpM7fu0Y8b/z16pXLnFxZYvWhd3fhBY9DLmC6Q==}
    engines: {node: '>=6'}
    dev: true
